
Microsoft Visual Studio Solution File, Format Version 12.00
# Visual Studio 15
VisualStudioVersion = 15.0.28307.1684
MinimumVisualStudioVersion = 10.0.40219.1
Project("{FAE04EC0-301F-11D3-BF4B-00C04F79EFBC}") = "TheUltimateDataAndStructures", "TheUltimateDataAndStructures\TheUltimateDataAndStructures.csproj", "{9A9B6324-F170-4DA6-B5B5-EC2C4B429850}"
EndProject
Project("{FAE04EC0-301F-11D3-BF4B-00C04F79EFBC}") = "TheUltimateDataAndStructures.Test", "TheUltimateDataAndStructures.Test\TheUltimateDataAndStructures.Test.csproj", "{65D6E0C6-20D9-4B84-AC4B-75C78AA89398}"
EndProject
Global
	GlobalSection(SolutionConfigurationPlatforms) = preSolution
		Debug|Any CPU = Debug|Any CPU
		Release|Any CPU = Release|Any CPU
	EndGlobalSection
	GlobalSection(ProjectConfigurationPlatforms) = postSolution
		{9A9B6324-F170-4DA6-B5B5-EC2C4B429850}.Debug|Any CPU.ActiveCfg = Debug|Any CPU
		{9A9B6324-F170-4DA6-B5B5-EC2C4B429850}.Debug|Any CPU.Build.0 = Debug|Any CPU
		{9A9B6324-F170-4DA6-B5B5-EC2C4B429850}.Release|Any CPU.ActiveCfg = Release|Any CPU
		{9A9B6324-F170-4DA6-B5B5-EC2C4B429850}.Release|Any CPU.Build.0 = Release|Any CPU
		{65D6E0C6-20D9-4B84-AC4B-75C78AA89398}.Debug|Any CPU.ActiveCfg = Debug|Any CPU
		{65D6E0C6-20D9-4B84-AC4B-75C78AA89398}.Debug|Any CPU.Build.0 = Debug|Any CPU
		{65D6E0C6-20D9-4B84-AC4B-75C78AA89398}.Release|Any CPU.ActiveCfg = Release|Any CPU
		{65D6E0C6-20D9-4B84-AC4B-75C78AA89398}.Release|Any CPU.Build.0 = Release|Any CPU
	EndGlobalSection
	GlobalSection(SolutionProperties) = preSolution
		HideSolutionNode = FALSE
	EndGlobalSection
	GlobalSection(ExtensibilityGlobals) = postSolution
		SolutionGuid = {22C26D88-82E6-4599-82DA-D241D02EF11F}
	EndGlobalSection
EndGlobal
